
Microsoft Visual Studio Solution File, Format Version 12.00
# Visual Studio Version 16
VisualStudioVersion = 16.0.31112.23
MinimumVisualStudioVersion = 10.0.40219.1
Project("{FAE04EC0-301F-11D3-BF4B-00C04F79EFBC}") = "nice", "nice.csproj", "{8671E22E-5712-4861-BE52-E21C2A6A6657}"
EndProject
Global
	GlobalSection(SolutionConfigurationPlatforms) = preSolution
		Debug|Any CPU = Debug|Any CPU
		Release|Any CPU = Release|Any CPU
	EndGlobalSection
	GlobalSection(ProjectConfigurationPlatforms) = postSolution
		{8671E22E-5712-4861-BE52-E21C2A6A6657}.Debug|Any CPU.ActiveCfg = Debug|Any CPU
		{8671E22E-5712-4861-BE52-E21C2A6A6657}.Debug|Any CPU.Build.0 = Debug|Any CPU
		{8671E22E-5712-4861-BE52-E21C2A6A6657}.Release|Any CPU.ActiveCfg = Release|Any CPU
		{8671E22E-5712-4861-BE52-E21C2A6A6657}.Release|Any CPU.Build.0 = Release|Any CPU
	EndGlobalSection
	GlobalSection(SolutionProperties) = preSolution
		HideSolutionNode = FALSE
	EndGlobalSection
	GlobalSection(ExtensibilityGlobals) = postSolution
		SolutionGuid = {3BADE5E1-103E-4E36-A8BF-E870C5819B23}
	EndGlobalSection
EndGlobal
